// !$*UTF8*$!
{
	archiveVersion = 1;
	classes = {
	};
	objectVersion = 60;
	objects = {

/* Begin PBXBuildFile section */
		8A2D4E5F1B3C400000000101 /* MailShieldAgentApp.swift in Sources */ = {isa = PBXBuildFile; fileRef = 8A2D4E5F1B3C400000000201 /* MailShieldAgentApp.swift */; };
		8A2D4E5F1B3C400000000102 /* AppState.swift in Sources */ = {isa = PBXBuildFile; fileRef = 8A2D4E5F1B3C400000000202 /* AppState.swift */; };
		8A2D4E5F1B3C400000000103 /* DashboardView.swift in Sources */ = {isa = PBXBuildFile; fileRef = 8A2D4E5F1B3C400000000203 /* DashboardView.swift */; };
		8A2D4E5F1B3C400000000104 /* StatusCardView.swift in Sources */ = {isa = PBXBuildFile; fileRef = 8A2D4E5F1B3C400000000204 /* StatusCardView.swift */; };
		8A2D4E5F1B3C400000000105 /* PlaceholderSectionView.swift in Sources */ = {isa = PBXBuildFile; fileRef = 8A2D4E5F1B3C400000000205 /* PlaceholderSectionView.swift */; };
		8A2D4E5F1B3C400000000106 /* MenuBarView.swift in Sources */ = {isa = PBXBuildFile; fileRef = 8A2D4E5F1B3C400000000206 /* MenuBarView.swift */; };
		8A2D4E5F1B3C400000000107 /* Assets.xcassets in Resources */ = {isa = PBXBuildFile; fileRef = 8A2D4E5F1B3C400000000207 /* Assets.xcassets */; };
		8A2D4E5F1B3C400000000108 /* HealthResponse.swift in Sources */ = {isa = PBXBuildFile; fileRef = 8A2D4E5F1B3C400000000209 /* HealthResponse.swift */; };
		8A2D4E5F1B3C400000000109 /* BackendClient.swift in Sources */ = {isa = PBXBuildFile; fileRef = 8A2D4E5F1B3C40000000020A /* BackendClient.swift */; };
		8A2D4E5F1B3C40000000010A /* ScanResult.swift in Sources */ = {isa = PBXBuildFile; fileRef = 8A2D4E5F1B3C40000000020B /* ScanResult.swift */; };
		8A2D4E5F1B3C40000000010B /* EmailListView.swift in Sources */ = {isa = PBXBuildFile; fileRef = 8A2D4E5F1B3C40000000020C /* EmailListView.swift */; };
		8A2D4E5F1B3C40000000010C /* EmailDetailView.swift in Sources */ = {isa = PBXBuildFile; fileRef = 8A2D4E5F1B3C40000000020D /* EmailDetailView.swift */; };
		8A2D4E5F1B3C40000000010D /* AgentCheckRowView.swift in Sources */ = {isa = PBXBuildFile; fileRef = 8A2D4E5F1B3C40000000020E /* AgentCheckRowView.swift */; };
		8A2D4E5F1B3C40000000010E /* RiskBadgeView.swift in Sources */ = {isa = PBXBuildFile; fileRef = 8A2D4E5F1B3C40000000020F /* RiskBadgeView.swift */; };
/* End PBXBuildFile section */

/* Begin PBXFileReference section */
		8A2D4E5F1B3C400000000201 /* MailShieldAgentApp.swift */ = {isa = PBXFileReference; lastKnownFileType = sourcecode.swift; path = MailShieldAgentApp.swift; sourceTree = "<group>"; };
		8A2D4E5F1B3C400000000202 /* AppState.swift */ = {isa = PBXFileReference; lastKnownFileType = sourcecode.swift; path = AppState.swift; sourceTree = "<group>"; };
		8A2D4E5F1B3C400000000203 /* DashboardView.swift */ = {isa = PBXFileReference; lastKnownFileType = sourcecode.swift; path = DashboardView.swift; sourceTree = "<group>"; };
		8A2D4E5F1B3C400000000204 /* StatusCardView.swift */ = {isa = PBXFileReference; lastKnownFileType = sourcecode.swift; path = StatusCardView.swift; sourceTree = "<group>"; };
		8A2D4E5F1B3C400000000205 /* PlaceholderSectionView.swift */ = {isa = PBXFileReference; lastKnownFileType = sourcecode.swift; path = PlaceholderSectionView.swift; sourceTree = "<group>"; };
		8A2D4E5F1B3C400000000206 /* MenuBarView.swift */ = {isa = PBXFileReference; lastKnownFileType = sourcecode.swift; path = MenuBarView.swift; sourceTree = "<group>"; };
		8A2D4E5F1B3C400000000207 /* Assets.xcassets */ = {isa = PBXFileReference; lastKnownFileType = folder.assetcatalog; path = Assets.xcassets; sourceTree = "<group>"; };
		8A2D4E5F1B3C400000000208 /* MailShieldAgent.app */ = {isa = PBXFileReference; explicitFileType = wrapper.application; includeInIndex = 0; path = MailShieldAgent.app; sourceTree = BUILT_PRODUCTS_DIR; };
		8A2D4E5F1B3C400000000209 /* HealthResponse.swift */ = {isa = PBXFileReference; lastKnownFileType = sourcecode.swift; path = HealthResponse.swift; sourceTree = "<group>"; };
		8A2D4E5F1B3C40000000020A /* BackendClient.swift */ = {isa = PBXFileReference; lastKnownFileType = sourcecode.swift; path = BackendClient.swift; sourceTree = "<group>"; };
		8A2D4E5F1B3C40000000020B /* ScanResult.swift */ = {isa = PBXFileReference; lastKnownFileType = sourcecode.swift; path = ScanResult.swift; sourceTree = "<group>"; };
		8A2D4E5F1B3C40000000020C /* EmailListView.swift */ = {isa = PBXFileReference; lastKnownFileType = sourcecode.swift; path = EmailListView.swift; sourceTree = "<group>"; };
		8A2D4E5F1B3C40000000020D /* EmailDetailView.swift */ = {isa = PBXFileReference; lastKnownFileType = sourcecode.swift; path = EmailDetailView.swift; sourceTree = "<group>"; };
		8A2D4E5F1B3C40000000020E /* AgentCheckRowView.swift */ = {isa = PBXFileReference; lastKnownFileType = sourcecode.swift; path = AgentCheckRowView.swift; sourceTree = "<group>"; };
		8A2D4E5F1B3C40000000020F /* RiskBadgeView.swift */ = {isa = PBXFileReference; lastKnownFileType = sourcecode.swift; path = RiskBadgeView.swift; sourceTree = "<group>"; };
/* End PBXFileReference section */

/* Begin PBXFrameworksBuildPhase section */
		8A2D4E5F1B3C400000000301 /* Frameworks */ = {
			isa = PBXFrameworksBuildPhase;
			buildActionMask = 2147483647;
			files = (
			);
			runOnlyForDeploymentPostprocessing = 0;
		};
/* End PBXFrameworksBuildPhase section */

/* Begin PBXGroup section */
		8A2D4E5F1B3C400000000401 = {
			isa = PBXGroup;
			children = (
				8A2D4E5F1B3C400000000402 /* MailShieldAgent */,
				8A2D4E5F1B3C400000000403 /* Products */,
			);
			sourceTree = "<group>";
		};
		8A2D4E5F1B3C400000000402 /* MailShieldAgent */ = {
			isa = PBXGroup;
			children = (
				8A2D4E5F1B3C400000000201 /* MailShieldAgentApp.swift */,
				8A2D4E5F1B3C400000000202 /* AppState.swift */,
				8A2D4E5F1B3C400000000406 /* Models */,
				8A2D4E5F1B3C400000000407 /* Services */,
				8A2D4E5F1B3C400000000404 /* Views */,
				8A2D4E5F1B3C400000000405 /* Resources */,
			);
			path = MailShieldAgent;
			sourceTree = "<group>";
		};
		8A2D4E5F1B3C400000000403 /* Products */ = {
			isa = PBXGroup;
			children = (
				8A2D4E5F1B3C400000000208 /* MailShieldAgent.app */,
			);
			name = Products;
			sourceTree = "<group>";
		};
		8A2D4E5F1B3C400000000404 /* Views */ = {
			isa = PBXGroup;
			children = (
				8A2D4E5F1B3C400000000203 /* DashboardView.swift */,
				8A2D4E5F1B3C400000000204 /* StatusCardView.swift */,
				8A2D4E5F1B3C400000000205 /* PlaceholderSectionView.swift */,
				8A2D4E5F1B3C400000000206 /* MenuBarView.swift */,
				8A2D4E5F1B3C40000000020C /* EmailListView.swift */,
				8A2D4E5F1B3C40000000020D /* EmailDetailView.swift */,
				8A2D4E5F1B3C40000000020E /* AgentCheckRowView.swift */,
				8A2D4E5F1B3C40000000020F /* RiskBadgeView.swift */,
			);
			path = Views;
			sourceTree = "<group>";
		};
		8A2D4E5F1B3C400000000405 /* Resources */ = {
			isa = PBXGroup;
			children = (
				8A2D4E5F1B3C400000000207 /* Assets.xcassets */,
			);
			path = Resources;
			sourceTree = "<group>";
		};
		8A2D4E5F1B3C400000000406 /* Models */ = {
			isa = PBXGroup;
			children = (
				8A2D4E5F1B3C400000000209 /* HealthResponse.swift */,
				8A2D4E5F1B3C40000000020B /* ScanResult.swift */,
			);
			path = Models;
			sourceTree = "<group>";
		};
		8A2D4E5F1B3C400000000407 /* Services */ = {
			isa = PBXGroup;
			children = (
				8A2D4E5F1B3C40000000020A /* BackendClient.swift */,
			);
			path = Services;
			sourceTree = "<group>";
		};
/* End PBXGroup section */

/* Begin PBXNativeTarget section */
		8A2D4E5F1B3C400000000501 /* MailShieldAgent */ = {
			isa = PBXNativeTarget;
			buildConfigurationList = 8A2D4E5F1B3C400000000901 /* Build configuration list for PBXNativeTarget "MailShieldAgent" */;
			buildPhases = (
				8A2D4E5F1B3C400000000601 /* Sources */,
				8A2D4E5F1B3C400000000301 /* Frameworks */,
				8A2D4E5F1B3C400000000701 /* Resources */,
			);
			buildRules = (
			);
			dependencies = (
			);
			name = MailShieldAgent;
			productName = MailShieldAgent;
			productReference = 8A2D4E5F1B3C400000000208 /* MailShieldAgent.app */;
			productType = "com.apple.product-type.application";
		};
/* End PBXNativeTarget section */

/* Begin PBXProject section */
		8A2D4E5F1B3C400000000801 /* Project object */ = {
			isa = PBXProject;
			attributes = {
				BuildIndependentTargetsInParallel = 1;
				LastSwiftUpdateCheck = 2630;
				LastUpgradeCheck = 2630;
				TargetAttributes = {
					8A2D4E5F1B3C400000000501 = {
						CreatedOnToolsVersion = 26.3;
					};
				};
			};
			buildConfigurationList = 8A2D4E5F1B3C400000000900 /* Build configuration list for PBXProject "MailShieldAgent" */;
			compatibilityVersion = "Xcode 15.0";
			developmentRegion = en;
			hasScannedForEncodings = 0;
			knownRegions = (
				en,
				Base,
			);
			mainGroup = 8A2D4E5F1B3C400000000401;
			minimizedProjectReferenceProxies = 1;
			preferredProjectObjectVersion = 60;
			productRefGroup = 8A2D4E5F1B3C400000000403 /* Products */;
			projectDirPath = "";
			projectRoot = "";
			targets = (
				8A2D4E5F1B3C400000000501 /* MailShieldAgent */,
			);
		};
/* End PBXProject section */

/* Begin PBXResourcesBuildPhase section */
		8A2D4E5F1B3C400000000701 /* Resources */ = {
			isa = PBXResourcesBuildPhase;
			buildActionMask = 2147483647;
			files = (
				8A2D4E5F1B3C400000000107 /* Assets.xcassets in Resources */,
			);
			runOnlyForDeploymentPostprocessing = 0;
		};
/* End PBXResourcesBuildPhase section */

/* Begin PBXSourcesBuildPhase section */
		8A2D4E5F1B3C400000000601 /* Sources */ = {
			isa = PBXSourcesBuildPhase;
			buildActionMask = 2147483647;
			files = (
				8A2D4E5F1B3C400000000101 /* MailShieldAgentApp.swift in Sources */,
				8A2D4E5F1B3C400000000102 /* AppState.swift in Sources */,
				8A2D4E5F1B3C400000000103 /* DashboardView.swift in Sources */,
				8A2D4E5F1B3C400000000104 /* StatusCardView.swift in Sources */,
				8A2D4E5F1B3C400000000105 /* PlaceholderSectionView.swift in Sources */,
				8A2D4E5F1B3C400000000106 /* MenuBarView.swift in Sources */,
				8A2D4E5F1B3C400000000108 /* HealthResponse.swift in Sources */,
				8A2D4E5F1B3C400000000109 /* BackendClient.swift in Sources */,
				8A2D4E5F1B3C40000000010A /* ScanResult.swift in Sources */,
				8A2D4E5F1B3C40000000010B /* EmailListView.swift in Sources */,
				8A2D4E5F1B3C40000000010C /* EmailDetailView.swift in Sources */,
				8A2D4E5F1B3C40000000010D /* AgentCheckRowView.swift in Sources */,
				8A2D4E5F1B3C40000000010E /* RiskBadgeView.swift in Sources */,
			);
			runOnlyForDeploymentPostprocessing = 0;
		};
/* End PBXSourcesBuildPhase section */

/* Begin XCBuildConfiguration section */
		8A2D4E5F1B3C400000000902 /* Debug */ = {
			isa = XCBuildConfiguration;
			buildSettings = {
				ALWAYS_SEARCH_USER_PATHS = NO;
				CLANG_ANALYZER_NONNULL = YES;
				CLANG_ANALYZER_NUMBER_OBJECT_CONVERSION = YES_AGGRESSIVE;
				CLANG_CXX_LANGUAGE_STANDARD = "gnu++20";
				CLANG_ENABLE_MODULES = YES;
				CLANG_ENABLE_OBJC_ARC = YES;
				CLANG_ENABLE_OBJC_WEAK = YES;
				CLANG_WARN_BLOCK_CAPTURE_AUTORELEASING = YES;
				CLANG_WARN_BOOL_CONVERSION = YES;
				CLANG_WARN_COMMA = YES;
				CLANG_WARN_CONSTANT_CONVERSION = YES;
				CLANG_WARN_DEPRECATED_OBJC_IMPLEMENTATIONS = YES;
				CLANG_WARN_DIRECT_OBJC_ISA_USAGE = YES_ERROR;
				CLANG_WARN_DOCUMENTATION_COMMENTS = YES;
				CLANG_WARN_EMPTY_BODY = YES;
				CLANG_WARN_ENUM_CONVERSION = YES;
				CLANG_WARN_INFINITE_RECURSION = YES;
				CLANG_WARN_INT_CONVERSION = YES;
				CLANG_WARN_NON_LITERAL_NULL_CONVERSION = YES;
				CLANG_WARN_OBJC_IMPLICIT_RETAIN_SELF = YES;
				CLANG_WARN_OBJC_LITERAL_CONVERSION = YES;
				CLANG_WARN_OBJC_ROOT_CLASS = YES_ERROR;
				CLANG_WARN_QUOTED_INCLUDE_IN_FRAMEWORK_HEADER = YES;
				CLANG_WARN_RANGE_LOOP_ANALYSIS = YES;
				CLANG_WARN_STRICT_PROTOTYPES = YES;
				CLANG_WARN_SUSPICIOUS_MOVE = YES;
				CLANG_WARN_UNGUARDED_AVAILABILITY = YES_AGGRESSIVE;
				CLANG_WARN_UNREACHABLE_CODE = YES;
				CLANG_WARN__DUPLICATE_METHOD_MATCH = YES;
				COPY_PHASE_STRIP = NO;
				DEBUG_INFORMATION_FORMAT = dwarf;
				ENABLE_STRICT_OBJC_MSGSEND = YES;
				ENABLE_TESTABILITY = YES;
				ENABLE_USER_SCRIPT_SANDBOXING = YES;
				GCC_C_LANGUAGE_STANDARD = gnu17;
				GCC_DYNAMIC_NO_PIC = NO;
				GCC_NO_COMMON_BLOCKS = YES;
				GCC_OPTIMIZATION_LEVEL = 0;
				GCC_PREPROCESSOR_DEFINITIONS = (
					"DEBUG=1",
					"$(inherited)",
				);
				GCC_WARN_64_TO_32_BIT_CONVERSION = YES;
				GCC_WARN_ABOUT_RETURN_TYPE = YES_ERROR;
				GCC_WARN_UNDECLARED_SELECTOR = YES;
				GCC_WARN_UNINITIALIZED_AUTOS = YES_AGGRESSIVE;
				GCC_WARN_UNUSED_FUNCTION = YES;
				GCC_WARN_UNUSED_VARIABLE = YES;
				MACOSX_DEPLOYMENT_TARGET = 15.0;
				MTL_ENABLE_DEBUG_INFO = INCLUDE_SOURCE;
				MTL_FAST_MATH = YES;
				ONLY_ACTIVE_ARCH = YES;
				SDKROOT = macosx;
				SWIFT_ACTIVE_COMPILATION_CONDITIONS = "DEBUG $(inherited)";
				SWIFT_OPTIMIZATION_LEVEL = "-Onone";
			};
			name = Debug;
		};
		8A2D4E5F1B3C400000000903 /* Release */ = {
			isa = XCBuildConfiguration;
			buildSettings = {
				ALWAYS_SEARCH_USER_PATHS = NO;
				CLANG_ANALYZER_NONNULL = YES;
				CLANG_ANALYZER_NUMBER_OBJECT_CONVERSION = YES_AGGRESSIVE;
				CLANG_CXX_LANGUAGE_STANDARD = "gnu++20";
				CLANG_ENABLE_MODULES = YES;
				CLANG_ENABLE_OBJC_ARC = YES;
				CLANG_ENABLE_OBJC_WEAK = YES;
				CLANG_WARN_BLOCK_CAPTURE_AUTORELEASING = YES;
				CLANG_WARN_BOOL_CONVERSION = YES;
				CLANG_WARN_COMMA = YES;
				CLANG_WARN_CONSTANT_CONVERSION = YES;
				CLANG_WARN_DEPRECATED_OBJC_IMPLEMENTATIONS = YES;
				CLANG_WARN_DIRECT_OBJC_ISA_USAGE = YES_ERROR;
				CLANG_WARN_DOCUMENTATION_COMMENTS = YES;
				CLANG_WARN_EMPTY_BODY = YES;
				CLANG_WARN_ENUM_CONVERSION = YES;
				CLANG_WARN_INFINITE_RECURSION = YES;
				CLANG_WARN_INT_CONVERSION = YES;
				CLANG_WARN_NON_LITERAL_NULL_CONVERSION = YES;
				CLANG_WARN_OBJC_IMPLICIT_RETAIN_SELF = YES;
				CLANG_WARN_OBJC_LITERAL_CONVERSION = YES;
				CLANG_WARN_OBJC_ROOT_CLASS = YES_ERROR;
				CLANG_WARN_QUOTED_INCLUDE_IN_FRAMEWORK_HEADER = YES;
				CLANG_WARN_RANGE_LOOP_ANALYSIS = YES;
				CLANG_WARN_STRICT_PROTOTYPES = YES;
				CLANG_WARN_SUSPICIOUS_MOVE = YES;
				CLANG_WARN_UNGUARDED_AVAILABILITY = YES_AGGRESSIVE;
				CLANG_WARN_UNREACHABLE_CODE = YES;
				CLANG_WARN__DUPLICATE_METHOD_MATCH = YES;
				COPY_PHASE_STRIP = NO;
				DEBUG_INFORMATION_FORMAT = "dwarf-with-dsym";
				ENABLE_NS_ASSERTIONS = NO;
				ENABLE_STRICT_OBJC_MSGSEND = YES;
				ENABLE_USER_SCRIPT_SANDBOXING = YES;
				GCC_C_LANGUAGE_STANDARD = gnu17;
				GCC_NO_COMMON_BLOCKS = YES;
				GCC_WARN_64_TO_32_BIT_CONVERSION = YES;
				GCC_WARN_ABOUT_RETURN_TYPE = YES_ERROR;
				GCC_WARN_UNDECLARED_SELECTOR = YES;
				GCC_WARN_UNINITIALIZED_AUTOS = YES_AGGRESSIVE;
				GCC_WARN_UNUSED_FUNCTION = YES;
				GCC_WARN_UNUSED_VARIABLE = YES;
				MACOSX_DEPLOYMENT_TARGET = 15.0;
				MTL_ENABLE_DEBUG_INFO = NO;
				MTL_FAST_MATH = YES;
				SDKROOT = macosx;
				SWIFT_COMPILATION_MODE = wholemodule;
				VALIDATE_PRODUCT = YES;
			};
			name = Release;
		};
		8A2D4E5F1B3C400000000904 /* Debug */ = {
			isa = XCBuildConfiguration;
			buildSettings = {
				ASSETCATALOG_COMPILER_GENERATE_SWIFT_ASSET_SYMBOL_EXTENSIONS = YES;
				CODE_SIGN_IDENTITY = "-";
				CODE_SIGN_STYLE = Automatic;
				COMBINE_HIDPI_IMAGES = YES;
				CURRENT_PROJECT_VERSION = 1;
				ENABLE_HARDENED_RUNTIME = YES;
				GENERATE_INFOPLIST_FILE = YES;
				INFOPLIST_KEY_CFBundleDisplayName = "MailShield Agent";
				INFOPLIST_KEY_LSApplicationCategoryType = "public.app-category.productivity";
				INFOPLIST_KEY_LSUIElement = YES;
				INFOPLIST_KEY_NSHumanReadableCopyright = "";
				LD_RUNPATH_SEARCH_PATHS = (
					"$(inherited)",
					"@executable_path/../Frameworks",
				);
				MACOSX_DEPLOYMENT_TARGET = 15.0;
				MARKETING_VERSION = 0.1.0;
				PRODUCT_BUNDLE_IDENTIFIER = com.mailshield.agent;
				PRODUCT_NAME = "$(TARGET_NAME)";
				SWIFT_EMIT_LOC_STRINGS = YES;
				SWIFT_VERSION = 6.0;
			};
			name = Debug;
		};
		8A2D4E5F1B3C400000000905 /* Release */ = {
			isa = XCBuildConfiguration;
			buildSettings = {
				ASSETCATALOG_COMPILER_GENERATE_SWIFT_ASSET_SYMBOL_EXTENSIONS = YES;
				CODE_SIGN_IDENTITY = "-";
				CODE_SIGN_STYLE = Automatic;
				COMBINE_HIDPI_IMAGES = YES;
				CURRENT_PROJECT_VERSION = 1;
				ENABLE_HARDENED_RUNTIME = YES;
				GENERATE_INFOPLIST_FILE = YES;
				INFOPLIST_KEY_CFBundleDisplayName = "MailShield Agent";
				INFOPLIST_KEY_LSApplicationCategoryType = "public.app-category.productivity";
				INFOPLIST_KEY_LSUIElement = YES;
				INFOPLIST_KEY_NSHumanReadableCopyright = "";
				LD_RUNPATH_SEARCH_PATHS = (
					"$(inherited)",
					"@executable_path/../Frameworks",
				);
				MACOSX_DEPLOYMENT_TARGET = 15.0;
				MARKETING_VERSION = 0.1.0;
				PRODUCT_BUNDLE_IDENTIFIER = com.mailshield.agent;
				PRODUCT_NAME = "$(TARGET_NAME)";
				SWIFT_EMIT_LOC_STRINGS = YES;
				SWIFT_VERSION = 6.0;
			};
			name = Release;
		};
/* End XCBuildConfiguration section */

/* Begin XCConfigurationList section */
		8A2D4E5F1B3C400000000900 /* Build configuration list for PBXProject "MailShieldAgent" */ = {
			isa = XCConfigurationList;
			buildConfigurations = (
				8A2D4E5F1B3C400000000902 /* Debug */,
				8A2D4E5F1B3C400000000903 /* Release */,
			);
			defaultConfigurationIsVisible = 0;
			defaultConfigurationName = Release;
		};
		8A2D4E5F1B3C400000000901 /* Build configuration list for PBXNativeTarget "MailShieldAgent" */ = {
			isa = XCConfigurationList;
			buildConfigurations = (
				8A2D4E5F1B3C400000000904 /* Debug */,
				8A2D4E5F1B3C400000000905 /* Release */,
			);
			defaultConfigurationIsVisible = 0;
			defaultConfigurationName = Release;
		};
/* End XCConfigurationList section */
	};
	rootObject = 8A2D4E5F1B3C400000000801 /* Project object */;
}
